
Microsoft Visual Studio Solution File, Format Version 12.00
# Visual Studio Version 16
VisualStudioVersion = 16.0.29215.179
MinimumVisualStudioVersion = 10.0.40219.1
Project("{8BC9CEB8-8B4A-11D0-8D11-00A0C91BC942}") = "Minecraft", "Minecraft\Minecraft.vcxproj", "{E603C89E-7E55-45AE-8465-D75ACCCE2465}"
EndProject
Project("{8BC9CEB8-8B4A-11D0-8D11-00A0C91BC942}") = "Engine", "Engine\Engine.vcxproj", "{D2FBDDF6-9402-4290-8042-8E62C0FC0934}"
EndProject
Project("{2150E333-8FDC-42A3-9474-1A3956D46DE8}") = "Solution Items", "Solution Items", "{65A3E6E4-F9E4-4389-98BB-734B9C47187D}"
	ProjectSection(SolutionItems) = preProject
		Engine\src\Engine\Log.cpp = Engine\src\Engine\Log.cpp
		Engine\src\Engine\Log.h = Engine\src\Engine\Log.h
	EndProjectSection
EndProject
Global
	GlobalSection(SolutionConfigurationPlatforms) = preSolution
		Debug|x64 = Debug|x64
		Release|x64 = Release|x64
	EndGlobalSection
	GlobalSection(ProjectConfigurationPlatforms) = postSolution
		{E603C89E-7E55-45AE-8465-D75ACCCE2465}.Debug|x64.ActiveCfg = Debug|x64
		{E603C89E-7E55-45AE-8465-D75ACCCE2465}.Debug|x64.Build.0 = Debug|x64
		{E603C89E-7E55-45AE-8465-D75ACCCE2465}.Release|x64.ActiveCfg = Release|x64
		{E603C89E-7E55-45AE-8465-D75ACCCE2465}.Release|x64.Build.0 = Release|x64
		{D2FBDDF6-9402-4290-8042-8E62C0FC0934}.Debug|x64.ActiveCfg = Debug|x64
		{D2FBDDF6-9402-4290-8042-8E62C0FC0934}.Debug|x64.Build.0 = Debug|x64
		{D2FBDDF6-9402-4290-8042-8E62C0FC0934}.Release|x64.ActiveCfg = Release|x64
		{D2FBDDF6-9402-4290-8042-8E62C0FC0934}.Release|x64.Build.0 = Release|x64
	EndGlobalSection
	GlobalSection(SolutionProperties) = preSolution
		HideSolutionNode = FALSE
	EndGlobalSection
	GlobalSection(ExtensibilityGlobals) = postSolution
		SolutionGuid = {3E5C64BE-88BE-4528-AF2A-CE1EC7C83079}
	EndGlobalSection
EndGlobal
